{
  "object": {
    "pins": [
      {
        "package": "SDK-CorePackage-SPM",
        "repositoryURL": "https://github.com/facephi-clienters/SDK-CorePackage-SPM.git",
        "state": {
          "branch": null,
          "revision": "f7cfea5ff9d7dd2c9bb0f52170c5e7a4a7ae2872",
          "version": "1.1.2"
        }
      },
      {
        "package": "SDK-LicenseCheckerPackage-SPM",
        "repositoryURL": "https://github.com/facephi-clienters/SDK-LicenseCheckerPackage-SPM.git",
        "state": {
          "branch": null,
          "revision": "f9f932a212997325fbbe3f590727632a37628ec6",
          "version": "1.1.2"
        }
      },
      {
        "package": "SDK-LicensingPackage-SPM",
        "repositoryURL": "https://github.com/facephi-clienters/SDK-LicensingPackage-SPM.git",
        "state": {
          "branch": null,
          "revision": "0d0a8e11630c3f87efcf2c5979a09e02c50350e5",
          "version": "1.1.1"
        }
      }
    ]
  },
  "version": 1
}
